{
    "_readme": [
        "This file locks the dependencies of your project to a known state",
        "Read more about it at https://getcomposer.org/doc/01-basic-usage.md#composer-lock-the-lock-file",
        "This file is @generated automatically"
    ],
    "content-hash": "cf0ed1b2daf87be1e1cbe19188ccef6d",
    "packages": [
        {
            "name": "yedpay/php-library",
            "version": "1.1.0",
            "source": {
                "type": "git",
                "url": "https://github.com/yedpay/php-library.git",
                "reference": "4140a46103d48cb918cf2534fbdb4acbe584bfb1"
            },
            "dist": {
                "type": "zip",
                "url": "https://api.github.com/repos/yedpay/php-library/zipball/4140a46103d48cb918cf2534fbdb4acbe584bfb1",
                "reference": "4140a46103d48cb918cf2534fbdb4acbe584bfb1",
                "shasum": ""
            },
            "require": {
                "php": ">=5.5"
            },
            "require-dev": {
                "doctrine/instantiator": "~1.0.1",
                "phpdocumentor/reflection-docblock": "3.2.2",
                "phpunit/phpunit": "4.8.36"
            },
            "type": "library",
            "autoload": {
                "psr-4": {
                    "Yedpay\\": "src/"
                }
            },
            "license": [
                "MIT"
            ],
            "authors": [
                {
                    "name": "yedpay",
                    "email": "info@gcash.co"
                }
            ],
            "description": "Agnostic Library to use the Yedpay API for Precretae transactions",
            "support": {
                "source": "https://github.com/yedpay/php-library/tree/1.1.0",
                "issues": "https://github.com/yedpay/php-library/issues"
            },
            "time": "2019-08-16T04:06:01+00:00"
        }
    ],
    "packages-dev": [],
    "aliases": [],
    "minimum-stability": "stable",
    "stability-flags": [],
    "prefer-stable": false,
    "prefer-lowest": false,
    "platform": [],
    "platform-dev": []
}
